
Microsoft Visual Studio Solution File, Format Version 12.00
# Visual Studio 14
VisualStudioVersion = 14.0.25420.1
MinimumVisualStudioVersion = 10.0.40219.1
Project("{FAE04EC0-301F-11D3-BF4B-00C04F79EFBC}") = "VK_(V2)", "VK_(V2)\VK_(V2).csproj", "{3E887F86-1333-4D16-A093-962357FEC94B}"
EndProject
Project("{FAE04EC0-301F-11D3-BF4B-00C04F79EFBC}") = "test_test", "..\test_test\test_test\test_test.csproj", "{BB08B52D-DF3C-4ADD-B219-A375D3E18FF6}"
EndProject
Project("{FAE04EC0-301F-11D3-BF4B-00C04F79EFBC}") = "Vk", "..\Vk\Vk\Vk.csproj", "{18A11773-AB18-408F-A75B-EE06A7D0E6A1}"
EndProject
Project("{FAE04EC0-301F-11D3-BF4B-00C04F79EFBC}") = "Shifri", "..\Shifri\Shifri\Shifri.csproj", "{D975C75A-8A81-4598-BF55-84A3EABD9ECF}"
EndProject
Global
	GlobalSection(SolutionConfigurationPlatforms) = preSolution
		Debug|Any CPU = Debug|Any CPU
		Release|Any CPU = Release|Any CPU
	EndGlobalSection
	GlobalSection(ProjectConfigurationPlatforms) = postSolution
		{3E887F86-1333-4D16-A093-962357FEC94B}.Debug|Any CPU.ActiveCfg = Debug|Any CPU
		{3E887F86-1333-4D16-A093-962357FEC94B}.Debug|Any CPU.Build.0 = Debug|Any CPU
		{3E887F86-1333-4D16-A093-962357FEC94B}.Release|Any CPU.ActiveCfg = Release|Any CPU
		{3E887F86-1333-4D16-A093-962357FEC94B}.Release|Any CPU.Build.0 = Release|Any CPU
		{BB08B52D-DF3C-4ADD-B219-A375D3E18FF6}.Debug|Any CPU.ActiveCfg = Debug|Any CPU
		{BB08B52D-DF3C-4ADD-B219-A375D3E18FF6}.Debug|Any CPU.Build.0 = Debug|Any CPU
		{BB08B52D-DF3C-4ADD-B219-A375D3E18FF6}.Release|Any CPU.ActiveCfg = Release|Any CPU
		{BB08B52D-DF3C-4ADD-B219-A375D3E18FF6}.Release|Any CPU.Build.0 = Release|Any CPU
		{18A11773-AB18-408F-A75B-EE06A7D0E6A1}.Debug|Any CPU.ActiveCfg = Debug|Any CPU
		{18A11773-AB18-408F-A75B-EE06A7D0E6A1}.Debug|Any CPU.Build.0 = Debug|Any CPU
		{18A11773-AB18-408F-A75B-EE06A7D0E6A1}.Release|Any CPU.ActiveCfg = Release|Any CPU
		{18A11773-AB18-408F-A75B-EE06A7D0E6A1}.Release|Any CPU.Build.0 = Release|Any CPU
		{D975C75A-8A81-4598-BF55-84A3EABD9ECF}.Debug|Any CPU.ActiveCfg = Debug|Any CPU
		{D975C75A-8A81-4598-BF55-84A3EABD9ECF}.Debug|Any CPU.Build.0 = Debug|Any CPU
		{D975C75A-8A81-4598-BF55-84A3EABD9ECF}.Release|Any CPU.ActiveCfg = Release|Any CPU
		{D975C75A-8A81-4598-BF55-84A3EABD9ECF}.Release|Any CPU.Build.0 = Release|Any CPU
	EndGlobalSection
	GlobalSection(SolutionProperties) = preSolution
		HideSolutionNode = FALSE
	EndGlobalSection
EndGlobal
